// !$*UTF8*$!
{
	archiveVersion = 1;
	classes = {
	};
	objectVersion = 56;
	objects = {

/* Begin PBXBuildFile section */
		F0D5B58A2AC7FB930029FBCC /* SPreviewApp.swift in Sources */ = {isa = PBXBuildFile; fileRef = F0D5B5892AC7FB930029FBCC /* SPreviewApp.swift */; };
		F0D5B58C2AC7FB930029FBCC /* MainView.swift in Sources */ = {isa = PBXBuildFile; fileRef = F0D5B58B2AC7FB930029FBCC /* MainView.swift */; };
		F0D5B58E2AC7FB950029FBCC /* Assets.xcassets in Resources */ = {isa = PBXBuildFile; fileRef = F0D5B58D2AC7FB950029FBCC /* Assets.xcassets */; };
		F0D5B5912AC7FB950029FBCC /* Preview Assets.xcassets in Resources */ = {isa = PBXBuildFile; fileRef = F0D5B5902AC7FB950029FBCC /* Preview Assets.xcassets */; };
		F0D5B59C2AC7FE7D0029FBCC /* SongRowView.swift in Sources */ = {isa = PBXBuildFile; fileRef = F0D5B59B2AC7FE7D0029FBCC /* SongRowView.swift */; };
		F0D5B59E2AC803F70029FBCC /* SongPlayerView.swift in Sources */ = {isa = PBXBuildFile; fileRef = F0D5B59D2AC803F70029FBCC /* SongPlayerView.swift */; };
		F0D5B5A12AC8040E0029FBCC /* SongItem.swift in Sources */ = {isa = PBXBuildFile; fileRef = F0D5B5A02AC8040E0029FBCC /* SongItem.swift */; };
		F0D5B5A82AC807170029FBCC /* ColorExtension.swift in Sources */ = {isa = PBXBuildFile; fileRef = F0D5B5A72AC807170029FBCC /* ColorExtension.swift */; };
		F0D5B5AA2AC812C90029FBCC /* SliderView.swift in Sources */ = {isa = PBXBuildFile; fileRef = F0D5B5A92AC812C90029FBCC /* SliderView.swift */; };
		F0D5B5AC2AC824E50029FBCC /* SongListView.swift in Sources */ = {isa = PBXBuildFile; fileRef = F0D5B5AB2AC824E50029FBCC /* SongListView.swift */; };
/* End PBXBuildFile section */

/* Begin PBXFileReference section */
		F0D5B5862AC7FB930029FBCC /* SPreview.app */ = {isa = PBXFileReference; explicitFileType = wrapper.application; includeInIndex = 0; path = SPreview.app; sourceTree = BUILT_PRODUCTS_DIR; };
		F0D5B5892AC7FB930029FBCC /* SPreviewApp.swift */ = {isa = PBXFileReference; lastKnownFileType = sourcecode.swift; path = SPreviewApp.swift; sourceTree = "<group>"; };
		F0D5B58B2AC7FB930029FBCC /* MainView.swift */ = {isa = PBXFileReference; lastKnownFileType = sourcecode.swift; path = MainView.swift; sourceTree = "<group>"; };
		F0D5B58D2AC7FB950029FBCC /* Assets.xcassets */ = {isa = PBXFileReference; lastKnownFileType = folder.assetcatalog; path = Assets.xcassets; sourceTree = "<group>"; };
		F0D5B5902AC7FB950029FBCC /* Preview Assets.xcassets */ = {isa = PBXFileReference; lastKnownFileType = folder.assetcatalog; path = "Preview Assets.xcassets"; sourceTree = "<group>"; };
		F0D5B59B2AC7FE7D0029FBCC /* SongRowView.swift */ = {isa = PBXFileReference; lastKnownFileType = sourcecode.swift; path = SongRowView.swift; sourceTree = "<group>"; };
		F0D5B59D2AC803F70029FBCC /* SongPlayerView.swift */ = {isa = PBXFileReference; lastKnownFileType = sourcecode.swift; path = SongPlayerView.swift; sourceTree = "<group>"; };
		F0D5B5A02AC8040E0029FBCC /* SongItem.swift */ = {isa = PBXFileReference; lastKnownFileType = sourcecode.swift; path = SongItem.swift; sourceTree = "<group>"; };
		F0D5B5A72AC807170029FBCC /* ColorExtension.swift */ = {isa = PBXFileReference; lastKnownFileType = sourcecode.swift; path = ColorExtension.swift; sourceTree = "<group>"; };
		F0D5B5A92AC812C90029FBCC /* SliderView.swift */ = {isa = PBXFileReference; lastKnownFileType = sourcecode.swift; path = SliderView.swift; sourceTree = "<group>"; };
		F0D5B5AB2AC824E50029FBCC /* SongListView.swift */ = {isa = PBXFileReference; lastKnownFileType = sourcecode.swift; path = SongListView.swift; sourceTree = "<group>"; };
/* End PBXFileReference section */

/* Begin PBXFrameworksBuildPhase section */
		F0D5B5832AC7FB930029FBCC /* Frameworks */ = {
			isa = PBXFrameworksBuildPhase;
			buildActionMask = 2147483647;
			files = (
			);
			runOnlyForDeploymentPostprocessing = 0;
		};
/* End PBXFrameworksBuildPhase section */

/* Begin PBXGroup section */
		F0D5B57D2AC7FB930029FBCC = {
			isa = PBXGroup;
			children = (
				F0D5B5882AC7FB930029FBCC /* SPreview */,
				F0D5B5872AC7FB930029FBCC /* Products */,
			);
			sourceTree = "<group>";
		};
		F0D5B5872AC7FB930029FBCC /* Products */ = {
			isa = PBXGroup;
			children = (
				F0D5B5862AC7FB930029FBCC /* SPreview.app */,
			);
			name = Products;
			sourceTree = "<group>";
		};
		F0D5B5882AC7FB930029FBCC /* SPreview */ = {
			isa = PBXGroup;
			children = (
				F0D5B5982AC7FC650029FBCC /* App */,
				F0D5B5992AC7FC6B0029FBCC /* Screen */,
				F0D5B59A2AC7FE5F0029FBCC /* View */,
				F0D5B59F2AC804020029FBCC /* Model */,
				F0D5B5A22AC8063F0029FBCC /* Utils */,
				F0D5B5972AC7FC5C0029FBCC /* Resource */,
				F0D5B58F2AC7FB950029FBCC /* Preview Content */,
			);
			path = SPreview;
			sourceTree = "<group>";
		};
		F0D5B58F2AC7FB950029FBCC /* Preview Content */ = {
			isa = PBXGroup;
			children = (
				F0D5B5902AC7FB950029FBCC /* Preview Assets.xcassets */,
			);
			path = "Preview Content";
			sourceTree = "<group>";
		};
		F0D5B5972AC7FC5C0029FBCC /* Resource */ = {
			isa = PBXGroup;
			children = (
				F0D5B58D2AC7FB950029FBCC /* Assets.xcassets */,
			);
			path = Resource;
			sourceTree = "<group>";
		};
		F0D5B5982AC7FC650029FBCC /* App */ = {
			isa = PBXGroup;
			children = (
				F0D5B5892AC7FB930029FBCC /* SPreviewApp.swift */,
			);
			path = App;
			sourceTree = "<group>";
		};
		F0D5B5992AC7FC6B0029FBCC /* Screen */ = {
			isa = PBXGroup;
			children = (
				F0D5B58B2AC7FB930029FBCC /* MainView.swift */,
			);
			path = Screen;
			sourceTree = "<group>";
		};
		F0D5B59A2AC7FE5F0029FBCC /* View */ = {
			isa = PBXGroup;
			children = (
				F0D5B59B2AC7FE7D0029FBCC /* SongRowView.swift */,
				F0D5B59D2AC803F70029FBCC /* SongPlayerView.swift */,
				F0D5B5A92AC812C90029FBCC /* SliderView.swift */,
				F0D5B5AB2AC824E50029FBCC /* SongListView.swift */,
			);
			path = View;
			sourceTree = "<group>";
		};
		F0D5B59F2AC804020029FBCC /* Model */ = {
			isa = PBXGroup;
			children = (
				F0D5B5A02AC8040E0029FBCC /* SongItem.swift */,
			);
			path = Model;
			sourceTree = "<group>";
		};
		F0D5B5A22AC8063F0029FBCC /* Utils */ = {
			isa = PBXGroup;
			children = (
				F0D5B5A62AC8070A0029FBCC /* Extension */,
				F0D5B5A32AC8064C0029FBCC /* Constants */,
			);
			path = Utils;
			sourceTree = "<group>";
		};
		F0D5B5A32AC8064C0029FBCC /* Constants */ = {
			isa = PBXGroup;
			children = (
			);
			path = Constants;
			sourceTree = "<group>";
		};
		F0D5B5A62AC8070A0029FBCC /* Extension */ = {
			isa = PBXGroup;
			children = (
				F0D5B5A72AC807170029FBCC /* ColorExtension.swift */,
			);
			path = Extension;
			sourceTree = "<group>";
		};
/* End PBXGroup section */

/* Begin PBXNativeTarget section */
		F0D5B5852AC7FB930029FBCC /* SPreview */ = {
			isa = PBXNativeTarget;
			buildConfigurationList = F0D5B5942AC7FB950029FBCC /* Build configuration list for PBXNativeTarget "SPreview" */;
			buildPhases = (
				F0D5B5822AC7FB930029FBCC /* Sources */,
				F0D5B5832AC7FB930029FBCC /* Frameworks */,
				F0D5B5842AC7FB930029FBCC /* Resources */,
			);
			buildRules = (
			);
			dependencies = (
			);
			name = SPreview;
			productName = SPreview;
			productReference = F0D5B5862AC7FB930029FBCC /* SPreview.app */;
			productType = "com.apple.product-type.application";
		};
/* End PBXNativeTarget section */

/* Begin PBXProject section */
		F0D5B57E2AC7FB930029FBCC /* Project object */ = {
			isa = PBXProject;
			attributes = {
				BuildIndependentTargetsInParallel = 1;
				LastSwiftUpdateCheck = 1500;
				LastUpgradeCheck = 1500;
				TargetAttributes = {
					F0D5B5852AC7FB930029FBCC = {
						CreatedOnToolsVersion = 15.0;
					};
				};
			};
			buildConfigurationList = F0D5B5812AC7FB930029FBCC /* Build configuration list for PBXProject "SPreview" */;
			compatibilityVersion = "Xcode 14.0";
			developmentRegion = en;
			hasScannedForEncodings = 0;
			knownRegions = (
				en,
				Base,
			);
			mainGroup = F0D5B57D2AC7FB930029FBCC;
			productRefGroup = F0D5B5872AC7FB930029FBCC /* Products */;
			projectDirPath = "";
			projectRoot = "";
			targets = (
				F0D5B5852AC7FB930029FBCC /* SPreview */,
			);
		};
/* End PBXProject section */

/* Begin PBXResourcesBuildPhase section */
		F0D5B5842AC7FB930029FBCC /* Resources */ = {
			isa = PBXResourcesBuildPhase;
			buildActionMask = 2147483647;
			files = (
				F0D5B5912AC7FB950029FBCC /* Preview Assets.xcassets in Resources */,
				F0D5B58E2AC7FB950029FBCC /* Assets.xcassets in Resources */,
			);
			runOnlyForDeploymentPostprocessing = 0;
		};
/* End PBXResourcesBuildPhase section */

/* Begin PBXSourcesBuildPhase section */
		F0D5B5822AC7FB930029FBCC /* Sources */ = {
			isa = PBXSourcesBuildPhase;
			buildActionMask = 2147483647;
			files = (
				F0D5B59C2AC7FE7D0029FBCC /* SongRowView.swift in Sources */,
				F0D5B58C2AC7FB930029FBCC /* MainView.swift in Sources */,
				F0D5B59E2AC803F70029FBCC /* SongPlayerView.swift in Sources */,
				F0D5B5AC2AC824E50029FBCC /* SongListView.swift in Sources */,
				F0D5B58A2AC7FB930029FBCC /* SPreviewApp.swift in Sources */,
				F0D5B5A82AC807170029FBCC /* ColorExtension.swift in Sources */,
				F0D5B5A12AC8040E0029FBCC /* SongItem.swift in Sources */,
				F0D5B5AA2AC812C90029FBCC /* SliderView.swift in Sources */,
			);
			runOnlyForDeploymentPostprocessing = 0;
		};
/* End PBXSourcesBuildPhase section */

/* Begin XCBuildConfiguration section */
		F0D5B5922AC7FB950029FBCC /* Debug */ = {
			isa = XCBuildConfiguration;
			buildSettings = {
				ALWAYS_SEARCH_USER_PATHS = NO;
				ASSETCATALOG_COMPILER_GENERATE_SWIFT_ASSET_SYMBOL_EXTENSIONS = YES;
				CLANG_ANALYZER_NONNULL = YES;
				CLANG_ANALYZER_NUMBER_OBJECT_CONVERSION = YES_AGGRESSIVE;
				CLANG_CXX_LANGUAGE_STANDARD = "gnu++20";
				CLANG_ENABLE_MODULES = YES;
				CLANG_ENABLE_OBJC_ARC = YES;
				CLANG_ENABLE_OBJC_WEAK = YES;
				CLANG_WARN_BLOCK_CAPTURE_AUTORELEASING = YES;
				CLANG_WARN_BOOL_CONVERSION = YES;
				CLANG_WARN_COMMA = YES;
				CLANG_WARN_CONSTANT_CONVERSION = YES;
				CLANG_WARN_DEPRECATED_OBJC_IMPLEMENTATIONS = YES;
				CLANG_WARN_DIRECT_OBJC_ISA_USAGE = YES_ERROR;
				CLANG_WARN_DOCUMENTATION_COMMENTS = YES;
				CLANG_WARN_EMPTY_BODY = YES;
				CLANG_WARN_ENUM_CONVERSION = YES;
				CLANG_WARN_INFINITE_RECURSION = YES;
				CLANG_WARN_INT_CONVERSION = YES;
				CLANG_WARN_NON_LITERAL_NULL_CONVERSION = YES;
				CLANG_WARN_OBJC_IMPLICIT_RETAIN_SELF = YES;
				CLANG_WARN_OBJC_LITERAL_CONVERSION = YES;
				CLANG_WARN_OBJC_ROOT_CLASS = YES_ERROR;
				CLANG_WARN_QUOTED_INCLUDE_IN_FRAMEWORK_HEADER = YES;
				CLANG_WARN_RANGE_LOOP_ANALYSIS = YES;
				CLANG_WARN_STRICT_PROTOTYPES = YES;
				CLANG_WARN_SUSPICIOUS_MOVE = YES;
				CLANG_WARN_UNGUARDED_AVAILABILITY = YES_AGGRESSIVE;
				CLANG_WARN_UNREACHABLE_CODE = YES;
				CLANG_WARN__DUPLICATE_METHOD_MATCH = YES;
				COPY_PHASE_STRIP = NO;
				DEBUG_INFORMATION_FORMAT = dwarf;
				ENABLE_STRICT_OBJC_MSGSEND = YES;
				ENABLE_TESTABILITY = YES;
				ENABLE_USER_SCRIPT_SANDBOXING = YES;
				GCC_C_LANGUAGE_STANDARD = gnu17;
				GCC_DYNAMIC_NO_PIC = NO;
				GCC_NO_COMMON_BLOCKS = YES;
				GCC_OPTIMIZATION_LEVEL = 0;
				GCC_PREPROCESSOR_DEFINITIONS = (
					"DEBUG=1",
					"$(inherited)",
				);
				GCC_WARN_64_TO_32_BIT_CONVERSION = YES;
				GCC_WARN_ABOUT_RETURN_TYPE = YES_ERROR;
				GCC_WARN_UNDECLARED_SELECTOR = YES;
				GCC_WARN_UNINITIALIZED_AUTOS = YES_AGGRESSIVE;
				GCC_WARN_UNUSED_FUNCTION = YES;
				GCC_WARN_UNUSED_VARIABLE = YES;
				IPHONEOS_DEPLOYMENT_TARGET = 17.0;
				LOCALIZATION_PREFERS_STRING_CATALOGS = YES;
				MTL_ENABLE_DEBUG_INFO = INCLUDE_SOURCE;
				MTL_FAST_MATH = YES;
				ONLY_ACTIVE_ARCH = YES;
				SDKROOT = iphoneos;
				SWIFT_ACTIVE_COMPILATION_CONDITIONS = "DEBUG $(inherited)";
				SWIFT_OPTIMIZATION_LEVEL = "-Onone";
			};
			name = Debug;
		};
		F0D5B5932AC7FB950029FBCC /* Release */ = {
			isa = XCBuildConfiguration;
			buildSettings = {
				ALWAYS_SEARCH_USER_PATHS = NO;
				ASSETCATALOG_COMPILER_GENERATE_SWIFT_ASSET_SYMBOL_EXTENSIONS = YES;
				CLANG_ANALYZER_NONNULL = YES;
				CLANG_ANALYZER_NUMBER_OBJECT_CONVERSION = YES_AGGRESSIVE;
				CLANG_CXX_LANGUAGE_STANDARD = "gnu++20";
				CLANG_ENABLE_MODULES = YES;
				CLANG_ENABLE_OBJC_ARC = YES;
				CLANG_ENABLE_OBJC_WEAK = YES;
				CLANG_WARN_BLOCK_CAPTURE_AUTORELEASING = YES;
				CLANG_WARN_BOOL_CONVERSION = YES;
				CLANG_WARN_COMMA = YES;
				CLANG_WARN_CONSTANT_CONVERSION = YES;
				CLANG_WARN_DEPRECATED_OBJC_IMPLEMENTATIONS = YES;
				CLANG_WARN_DIRECT_OBJC_ISA_USAGE = YES_ERROR;
				CLANG_WARN_DOCUMENTATION_COMMENTS = YES;
				CLANG_WARN_EMPTY_BODY = YES;
				CLANG_WARN_ENUM_CONVERSION = YES;
				CLANG_WARN_INFINITE_RECURSION = YES;
				CLANG_WARN_INT_CONVERSION = YES;
				CLANG_WARN_NON_LITERAL_NULL_CONVERSION = YES;
				CLANG_WARN_OBJC_IMPLICIT_RETAIN_SELF = YES;
				CLANG_WARN_OBJC_LITERAL_CONVERSION = YES;
				CLANG_WARN_OBJC_ROOT_CLASS = YES_ERROR;
				CLANG_WARN_QUOTED_INCLUDE_IN_FRAMEWORK_HEADER = YES;
				CLANG_WARN_RANGE_LOOP_ANALYSIS = YES;
				CLANG_WARN_STRICT_PROTOTYPES = YES;
				CLANG_WARN_SUSPICIOUS_MOVE = YES;
				CLANG_WARN_UNGUARDED_AVAILABILITY = YES_AGGRESSIVE;
				CLANG_WARN_UNREACHABLE_CODE = YES;
				CLANG_WARN__DUPLICATE_METHOD_MATCH = YES;
				COPY_PHASE_STRIP = NO;
				DEBUG_INFORMATION_FORMAT = "dwarf-with-dsym";
				ENABLE_NS_ASSERTIONS = NO;
				ENABLE_STRICT_OBJC_MSGSEND = YES;
				ENABLE_USER_SCRIPT_SANDBOXING = YES;
				GCC_C_LANGUAGE_STANDARD = gnu17;
				GCC_NO_COMMON_BLOCKS = YES;
				GCC_WARN_64_TO_32_BIT_CONVERSION = YES;
				GCC_WARN_ABOUT_RETURN_TYPE = YES_ERROR;
				GCC_WARN_UNDECLARED_SELECTOR = YES;
				GCC_WARN_UNINITIALIZED_AUTOS = YES_AGGRESSIVE;
				GCC_WARN_UNUSED_FUNCTION = YES;
				GCC_WARN_UNUSED_VARIABLE = YES;
				IPHONEOS_DEPLOYMENT_TARGET = 17.0;
				LOCALIZATION_PREFERS_STRING_CATALOGS = YES;
				MTL_ENABLE_DEBUG_INFO = NO;
				MTL_FAST_MATH = YES;
				SDKROOT = iphoneos;
				SWIFT_COMPILATION_MODE = wholemodule;
				VALIDATE_PRODUCT = YES;
			};
			name = Release;
		};
		F0D5B5952AC7FB950029FBCC /* Debug */ = {
			isa = XCBuildConfiguration;
			buildSettings = {
				ASSETCATALOG_COMPILER_APPICON_NAME = AppIcon;
				ASSETCATALOG_COMPILER_GLOBAL_ACCENT_COLOR_NAME = AccentColor;
				CODE_SIGN_STYLE = Automatic;
				CURRENT_PROJECT_VERSION = 1;
				DEVELOPMENT_ASSET_PATHS = "\"SPreview/Preview Content\"";
				DEVELOPMENT_TEAM = P3N8V46695;
				ENABLE_PREVIEWS = YES;
				GENERATE_INFOPLIST_FILE = YES;
				INFOPLIST_KEY_UIApplicationSceneManifest_Generation = YES;
				INFOPLIST_KEY_UIApplicationSupportsIndirectInputEvents = YES;
				INFOPLIST_KEY_UILaunchScreen_Generation = YES;
				INFOPLIST_KEY_UISupportedInterfaceOrientations = UIInterfaceOrientationPortrait;
				INFOPLIST_KEY_UISupportedInterfaceOrientations_iPad = "UIInterfaceOrientationLandscapeLeft UIInterfaceOrientationLandscapeRight UIInterfaceOrientationPortrait UIInterfaceOrientationPortraitUpsideDown";
				INFOPLIST_KEY_UIUserInterfaceStyle = Dark;
				IPHONEOS_DEPLOYMENT_TARGET = 17.0;
				LD_RUNPATH_SEARCH_PATHS = (
					"$(inherited)",
					"@executable_path/Frameworks",
				);
				MARKETING_VERSION = 1.0;
				PRODUCT_BUNDLE_IDENTIFIER = com.alharazi.SPreview;
				PRODUCT_NAME = "$(TARGET_NAME)";
				SUPPORTED_PLATFORMS = "iphoneos iphonesimulator";
				SUPPORTS_MACCATALYST = NO;
				SUPPORTS_MAC_DESIGNED_FOR_IPHONE_IPAD = NO;
				SWIFT_EMIT_LOC_STRINGS = YES;
				SWIFT_VERSION = 5.0;
				TARGETED_DEVICE_FAMILY = 1;
			};
			name = Debug;
		};
		F0D5B5962AC7FB950029FBCC /* Release */ = {
			isa = XCBuildConfiguration;
			buildSettings = {
				ASSETCATALOG_COMPILER_APPICON_NAME = AppIcon;
				ASSETCATALOG_COMPILER_GLOBAL_ACCENT_COLOR_NAME = AccentColor;
				CODE_SIGN_STYLE = Automatic;
				CURRENT_PROJECT_VERSION = 1;
				DEVELOPMENT_ASSET_PATHS = "\"SPreview/Preview Content\"";
				DEVELOPMENT_TEAM = P3N8V46695;
				ENABLE_PREVIEWS = YES;
				GENERATE_INFOPLIST_FILE = YES;
				INFOPLIST_KEY_UIApplicationSceneManifest_Generation = YES;
				INFOPLIST_KEY_UIApplicationSupportsIndirectInputEvents = YES;
				INFOPLIST_KEY_UILaunchScreen_Generation = YES;
				INFOPLIST_KEY_UISupportedInterfaceOrientations = UIInterfaceOrientationPortrait;
				INFOPLIST_KEY_UISupportedInterfaceOrientations_iPad = "UIInterfaceOrientationLandscapeLeft UIInterfaceOrientationLandscapeRight UIInterfaceOrientationPortrait UIInterfaceOrientationPortraitUpsideDown";
				INFOPLIST_KEY_UIUserInterfaceStyle = Dark;
				IPHONEOS_DEPLOYMENT_TARGET = 17.0;
				LD_RUNPATH_SEARCH_PATHS = (
					"$(inherited)",
					"@executable_path/Frameworks",
				);
				MARKETING_VERSION = 1.0;
				PRODUCT_BUNDLE_IDENTIFIER = com.alharazi.SPreview;
				PRODUCT_NAME = "$(TARGET_NAME)";
				SUPPORTED_PLATFORMS = "iphoneos iphonesimulator";
				SUPPORTS_MACCATALYST = NO;
				SUPPORTS_MAC_DESIGNED_FOR_IPHONE_IPAD = NO;
				SWIFT_EMIT_LOC_STRINGS = YES;
				SWIFT_VERSION = 5.0;
				TARGETED_DEVICE_FAMILY = 1;
			};
			name = Release;
		};
/* End XCBuildConfiguration section */

/* Begin XCConfigurationList section */
		F0D5B5812AC7FB930029FBCC /* Build configuration list for PBXProject "SPreview" */ = {
			isa = XCConfigurationList;
			buildConfigurations = (
				F0D5B5922AC7FB950029FBCC /* Debug */,
				F0D5B5932AC7FB950029FBCC /* Release */,
			);
			defaultConfigurationIsVisible = 0;
			defaultConfigurationName = Release;
		};
		F0D5B5942AC7FB950029FBCC /* Build configuration list for PBXNativeTarget "SPreview" */ = {
			isa = XCConfigurationList;
			buildConfigurations = (
				F0D5B5952AC7FB950029FBCC /* Debug */,
				F0D5B5962AC7FB950029FBCC /* Release */,
			);
			defaultConfigurationIsVisible = 0;
			defaultConfigurationName = Release;
		};
/* End XCConfigurationList section */
	};
	rootObject = F0D5B57E2AC7FB930029FBCC /* Project object */;
}
