// !$*UTF8*$!
{
	archiveVersion = 1;
	classes = {
	};
	objectVersion = 56;
	objects = {

/* Begin PBXBuildFile section */
		7693158B588D5F4ADE35916E /* Pods_SPreview.framework in Frameworks */ = {isa = PBXBuildFile; fileRef = BA51435EA71A13F7E78A7794 /* Pods_SPreview.framework */; };
		F0560FEE2AD02D3500BE392B /* SpotifyExternalUrls.swift in Sources */ = {isa = PBXBuildFile; fileRef = F0560FED2AD02D3500BE392B /* SpotifyExternalUrls.swift */; };
		F05A3F762AC98BBD007C3172 /* WebView.swift in Sources */ = {isa = PBXBuildFile; fileRef = F05A3F752AC98BBD007C3172 /* WebView.swift */; };
		F06381672ACD408300BBA26F /* DrawingConstants.swift in Sources */ = {isa = PBXBuildFile; fileRef = F06381662ACD408300BBA26F /* DrawingConstants.swift */; };
		F06381692ACD410000BBA26F /* AnimationConstants.swift in Sources */ = {isa = PBXBuildFile; fileRef = F06381682ACD410000BBA26F /* AnimationConstants.swift */; };
		F063816B2ACD43A800BBA26F /* MusicPlayerConstants.swift in Sources */ = {isa = PBXBuildFile; fileRef = F063816A2ACD43A800BBA26F /* MusicPlayerConstants.swift */; };
		F063816D2ACD541000BBA26F /* UIApplicationExtension.swift in Sources */ = {isa = PBXBuildFile; fileRef = F063816C2ACD541000BBA26F /* UIApplicationExtension.swift */; };
		F06381702ACD66A800BBA26F /* SpotifySearchResult.swift in Sources */ = {isa = PBXBuildFile; fileRef = F063816F2ACD66A800BBA26F /* SpotifySearchResult.swift */; };
		F06381722ACD685A00BBA26F /* SpotifySerachResultItems.swift in Sources */ = {isa = PBXBuildFile; fileRef = F06381712ACD685A00BBA26F /* SpotifySerachResultItems.swift */; };
		F06457FC2AC9719000FA2BA2 /* TitleAndSearchHeaderView.swift in Sources */ = {isa = PBXBuildFile; fileRef = F06457FB2AC9719000FA2BA2 /* TitleAndSearchHeaderView.swift */; };
		F0A756422ACA9E6200E02CC2 /* AuthorizationView.swift in Sources */ = {isa = PBXBuildFile; fileRef = F0A756412ACA9E6200E02CC2 /* AuthorizationView.swift */; };
		F0A756482ACABBB900E02CC2 /* MusicProviderProtocol.swift in Sources */ = {isa = PBXBuildFile; fileRef = F0A756472ACABBB900E02CC2 /* MusicProviderProtocol.swift */; };
		F0A7564C2ACABCA600E02CC2 /* SpotifyMusic.swift in Sources */ = {isa = PBXBuildFile; fileRef = F0A7564B2ACABCA600E02CC2 /* SpotifyMusic.swift */; };
		F0A7564F2ACABD3000E02CC2 /* MusicPlayer.swift in Sources */ = {isa = PBXBuildFile; fileRef = F0A7564E2ACABD3000E02CC2 /* MusicPlayer.swift */; };
		F0A756512ACABD4900E02CC2 /* MusicPlayerError.swift in Sources */ = {isa = PBXBuildFile; fileRef = F0A756502ACABD4900E02CC2 /* MusicPlayerError.swift */; };
		F0A756532ACABD6500E02CC2 /* MusicProviderError.swift in Sources */ = {isa = PBXBuildFile; fileRef = F0A756522ACABD6500E02CC2 /* MusicProviderError.swift */; };
		F0B7A2BB2ACC444100E16732 /* ErrorHandling.swift in Sources */ = {isa = PBXBuildFile; fileRef = F0B7A2BA2ACC444100E16732 /* ErrorHandling.swift */; };
		F0B7A2BD2ACC44AA00E16732 /* ViewExtension.swift in Sources */ = {isa = PBXBuildFile; fileRef = F0B7A2BC2ACC44AA00E16732 /* ViewExtension.swift */; };
		F0B7A2C02ACC44D200E16732 /* HandleErrorViewModifier.swift in Sources */ = {isa = PBXBuildFile; fileRef = F0B7A2BF2ACC44D200E16732 /* HandleErrorViewModifier.swift */; };
		F0C631432ACEBDAB0072EDC4 /* SpotifyError.swift in Sources */ = {isa = PBXBuildFile; fileRef = F0C631422ACEBDAB0072EDC4 /* SpotifyError.swift */; };
		F0CB48ED2AD426CF00B071D6 /* AES.swift in Sources */ = {isa = PBXBuildFile; fileRef = F0CB48EC2AD426CF00B071D6 /* AES.swift */; };
		F0CB48EF2AD44D9700B071D6 /* PBKDF2Generator.swift in Sources */ = {isa = PBXBuildFile; fileRef = F0CB48EE2AD44D9700B071D6 /* PBKDF2Generator.swift */; };
		F0CB48F12AD472C800B071D6 /* AppDelegate.swift in Sources */ = {isa = PBXBuildFile; fileRef = F0CB48F02AD472C800B071D6 /* AppDelegate.swift */; };
		F0D5B58A2AC7FB930029FBCC /* SPreviewApp.swift in Sources */ = {isa = PBXBuildFile; fileRef = F0D5B5892AC7FB930029FBCC /* SPreviewApp.swift */; };
		F0D5B58C2AC7FB930029FBCC /* SavedSongsView.swift in Sources */ = {isa = PBXBuildFile; fileRef = F0D5B58B2AC7FB930029FBCC /* SavedSongsView.swift */; };
		F0D5B58E2AC7FB950029FBCC /* Assets.xcassets in Resources */ = {isa = PBXBuildFile; fileRef = F0D5B58D2AC7FB950029FBCC /* Assets.xcassets */; };
		F0D5B5912AC7FB950029FBCC /* Preview Assets.xcassets in Resources */ = {isa = PBXBuildFile; fileRef = F0D5B5902AC7FB950029FBCC /* Preview Assets.xcassets */; };
		F0D5B59C2AC7FE7D0029FBCC /* SongRowView.swift in Sources */ = {isa = PBXBuildFile; fileRef = F0D5B59B2AC7FE7D0029FBCC /* SongRowView.swift */; };
		F0D5B59E2AC803F70029FBCC /* SongPlayerView.swift in Sources */ = {isa = PBXBuildFile; fileRef = F0D5B59D2AC803F70029FBCC /* SongPlayerView.swift */; };
		F0D5B5A12AC8040E0029FBCC /* SongItem.swift in Sources */ = {isa = PBXBuildFile; fileRef = F0D5B5A02AC8040E0029FBCC /* SongItem.swift */; };
		F0D5B5A82AC807170029FBCC /* ColorExtension.swift in Sources */ = {isa = PBXBuildFile; fileRef = F0D5B5A72AC807170029FBCC /* ColorExtension.swift */; };
		F0D5B5AA2AC812C90029FBCC /* SliderView.swift in Sources */ = {isa = PBXBuildFile; fileRef = F0D5B5A92AC812C90029FBCC /* SliderView.swift */; };
		F0D5B5AC2AC824E50029FBCC /* SongListView.swift in Sources */ = {isa = PBXBuildFile; fileRef = F0D5B5AB2AC824E50029FBCC /* SongListView.swift */; };
		F0D5B5B02AC82B990029FBCC /* AccessTokens.swift in Sources */ = {isa = PBXBuildFile; fileRef = F0D5B5AF2AC82B990029FBCC /* AccessTokens.swift */; };
		F0D5B5B32AC82BC90029FBCC /* SpotifyImage.swift in Sources */ = {isa = PBXBuildFile; fileRef = F0D5B5B22AC82BC90029FBCC /* SpotifyImage.swift */; };
		F0D5B5B52AC82C120029FBCC /* SpotifyTracks.swift in Sources */ = {isa = PBXBuildFile; fileRef = F0D5B5B42AC82C120029FBCC /* SpotifyTracks.swift */; };
		F0D5B5B72AC82C2A0029FBCC /* SpotifyTrackDetail.swift in Sources */ = {isa = PBXBuildFile; fileRef = F0D5B5B62AC82C2A0029FBCC /* SpotifyTrackDetail.swift */; };
		F0D5B5B92AC82C3A0029FBCC /* SpotifyTrack.swift in Sources */ = {isa = PBXBuildFile; fileRef = F0D5B5B82AC82C3A0029FBCC /* SpotifyTrack.swift */; };
		F0D5B5BB2AC82C4A0029FBCC /* SpotifyAlbum.swift in Sources */ = {isa = PBXBuildFile; fileRef = F0D5B5BA2AC82C4A0029FBCC /* SpotifyAlbum.swift */; };
		F0D5B5BD2AC82C810029FBCC /* SpotifyArtist.swift in Sources */ = {isa = PBXBuildFile; fileRef = F0D5B5BC2AC82C810029FBCC /* SpotifyArtist.swift */; };
		F0D5B5C02AC82CCE0029FBCC /* DataParser.swift in Sources */ = {isa = PBXBuildFile; fileRef = F0D5B5BF2AC82CCE0029FBCC /* DataParser.swift */; };
		F0D5B5C32AC82D460029FBCC /* AuthController.swift in Sources */ = {isa = PBXBuildFile; fileRef = F0D5B5C22AC82D460029FBCC /* AuthController.swift */; };
		F0D5B5C52AC82D840029FBCC /* AuthControllerError.swift in Sources */ = {isa = PBXBuildFile; fileRef = F0D5B5C42AC82D840029FBCC /* AuthControllerError.swift */; };
		F0D5B5C82AC82E1C0029FBCC /* APIManager.swift in Sources */ = {isa = PBXBuildFile; fileRef = F0D5B5C72AC82E1C0029FBCC /* APIManager.swift */; };
		F0D5B5CA2AC82E360029FBCC /* RequestManager.swift in Sources */ = {isa = PBXBuildFile; fileRef = F0D5B5C92AC82E360029FBCC /* RequestManager.swift */; };
		F0D5B5CC2AC82E5E0029FBCC /* TokenManager.swift in Sources */ = {isa = PBXBuildFile; fileRef = F0D5B5CB2AC82E5E0029FBCC /* TokenManager.swift */; };
		F0D5B5CF2AC82EB20029FBCC /* RequestProtocol.swift in Sources */ = {isa = PBXBuildFile; fileRef = F0D5B5CE2AC82EB20029FBCC /* RequestProtocol.swift */; };
		F0D5B5D12AC82ED20029FBCC /* TokenRequest.swift in Sources */ = {isa = PBXBuildFile; fileRef = F0D5B5D02AC82ED20029FBCC /* TokenRequest.swift */; };
		F0D5B5D32AC82EFD0029FBCC /* TracksRequest.swift in Sources */ = {isa = PBXBuildFile; fileRef = F0D5B5D22AC82EFD0029FBCC /* TracksRequest.swift */; };
		F0D5B5D52AC82F1A0029FBCC /* Connectivity.swift in Sources */ = {isa = PBXBuildFile; fileRef = F0D5B5D42AC82F1A0029FBCC /* Connectivity.swift */; };
		F0D5B5D72AC82F300029FBCC /* APIConstants.swift in Sources */ = {isa = PBXBuildFile; fileRef = F0D5B5D62AC82F300029FBCC /* APIConstants.swift */; };
		F0D5B5D92AC82F6B0029FBCC /* NetworkError.swift in Sources */ = {isa = PBXBuildFile; fileRef = F0D5B5D82AC82F6B0029FBCC /* NetworkError.swift */; };
		F0D5B5DB2AC82FDD0029FBCC /* SpotifyAuthController.swift in Sources */ = {isa = PBXBuildFile; fileRef = F0D5B5DA2AC82FDD0029FBCC /* SpotifyAuthController.swift */; };
		F0FE4B952ACDAC27005DC45B /* UIScreenExtension.swift in Sources */ = {isa = PBXBuildFile; fileRef = F0FE4B942ACDAC27005DC45B /* UIScreenExtension.swift */; };
/* End PBXBuildFile section */

/* Begin PBXFileReference section */
		539ED4D89A89C4E339DAD202 /* Pods-SPreview.debug.xcconfig */ = {isa = PBXFileReference; includeInIndex = 1; lastKnownFileType = text.xcconfig; name = "Pods-SPreview.debug.xcconfig"; path = "Target Support Files/Pods-SPreview/Pods-SPreview.debug.xcconfig"; sourceTree = "<group>"; };
		6DE1BBD483E0352709D21CB5 /* Pods-SPreview.release.xcconfig */ = {isa = PBXFileReference; includeInIndex = 1; lastKnownFileType = text.xcconfig; name = "Pods-SPreview.release.xcconfig"; path = "Target Support Files/Pods-SPreview/Pods-SPreview.release.xcconfig"; sourceTree = "<group>"; };
		BA51435EA71A13F7E78A7794 /* Pods_SPreview.framework */ = {isa = PBXFileReference; explicitFileType = wrapper.framework; includeInIndex = 0; path = Pods_SPreview.framework; sourceTree = BUILT_PRODUCTS_DIR; };
		F0560FED2AD02D3500BE392B /* SpotifyExternalUrls.swift */ = {isa = PBXFileReference; lastKnownFileType = sourcecode.swift; path = SpotifyExternalUrls.swift; sourceTree = "<group>"; };
		F05A3F752AC98BBD007C3172 /* WebView.swift */ = {isa = PBXFileReference; lastKnownFileType = sourcecode.swift; path = WebView.swift; sourceTree = "<group>"; };
		F06381662ACD408300BBA26F /* DrawingConstants.swift */ = {isa = PBXFileReference; lastKnownFileType = sourcecode.swift; path = DrawingConstants.swift; sourceTree = "<group>"; };
		F06381682ACD410000BBA26F /* AnimationConstants.swift */ = {isa = PBXFileReference; lastKnownFileType = sourcecode.swift; path = AnimationConstants.swift; sourceTree = "<group>"; };
		F063816A2ACD43A800BBA26F /* MusicPlayerConstants.swift */ = {isa = PBXFileReference; lastKnownFileType = sourcecode.swift; path = MusicPlayerConstants.swift; sourceTree = "<group>"; };
		F063816C2ACD541000BBA26F /* UIApplicationExtension.swift */ = {isa = PBXFileReference; lastKnownFileType = sourcecode.swift; path = UIApplicationExtension.swift; sourceTree = "<group>"; };
		F063816F2ACD66A800BBA26F /* SpotifySearchResult.swift */ = {isa = PBXFileReference; lastKnownFileType = sourcecode.swift; path = SpotifySearchResult.swift; sourceTree = "<group>"; };
		F06381712ACD685A00BBA26F /* SpotifySerachResultItems.swift */ = {isa = PBXFileReference; lastKnownFileType = sourcecode.swift; path = SpotifySerachResultItems.swift; sourceTree = "<group>"; };
		F06457FB2AC9719000FA2BA2 /* TitleAndSearchHeaderView.swift */ = {isa = PBXFileReference; lastKnownFileType = sourcecode.swift; path = TitleAndSearchHeaderView.swift; sourceTree = "<group>"; };
		F0A756412ACA9E6200E02CC2 /* AuthorizationView.swift */ = {isa = PBXFileReference; lastKnownFileType = sourcecode.swift; path = AuthorizationView.swift; sourceTree = "<group>"; };
		F0A756472ACABBB900E02CC2 /* MusicProviderProtocol.swift */ = {isa = PBXFileReference; lastKnownFileType = sourcecode.swift; path = MusicProviderProtocol.swift; sourceTree = "<group>"; };
		F0A7564B2ACABCA600E02CC2 /* SpotifyMusic.swift */ = {isa = PBXFileReference; lastKnownFileType = sourcecode.swift; path = SpotifyMusic.swift; sourceTree = "<group>"; };
		F0A7564E2ACABD3000E02CC2 /* MusicPlayer.swift */ = {isa = PBXFileReference; lastKnownFileType = sourcecode.swift; path = MusicPlayer.swift; sourceTree = "<group>"; };
		F0A756502ACABD4900E02CC2 /* MusicPlayerError.swift */ = {isa = PBXFileReference; lastKnownFileType = sourcecode.swift; path = MusicPlayerError.swift; sourceTree = "<group>"; };
		F0A756522ACABD6500E02CC2 /* MusicProviderError.swift */ = {isa = PBXFileReference; lastKnownFileType = sourcecode.swift; path = MusicProviderError.swift; sourceTree = "<group>"; };
		F0B7A2BA2ACC444100E16732 /* ErrorHandling.swift */ = {isa = PBXFileReference; lastKnownFileType = sourcecode.swift; path = ErrorHandling.swift; sourceTree = "<group>"; };
		F0B7A2BC2ACC44AA00E16732 /* ViewExtension.swift */ = {isa = PBXFileReference; lastKnownFileType = sourcecode.swift; path = ViewExtension.swift; sourceTree = "<group>"; };
		F0B7A2BF2ACC44D200E16732 /* HandleErrorViewModifier.swift */ = {isa = PBXFileReference; lastKnownFileType = sourcecode.swift; path = HandleErrorViewModifier.swift; sourceTree = "<group>"; };
		F0B7A2C12ACC541600E16732 /* Info.plist */ = {isa = PBXFileReference; lastKnownFileType = text.plist.xml; path = Info.plist; sourceTree = "<group>"; };
		F0C631422ACEBDAB0072EDC4 /* SpotifyError.swift */ = {isa = PBXFileReference; lastKnownFileType = sourcecode.swift; path = SpotifyError.swift; sourceTree = "<group>"; };
		F0CB48EC2AD426CF00B071D6 /* AES.swift */ = {isa = PBXFileReference; fileEncoding = 4; lastKnownFileType = sourcecode.swift; path = AES.swift; sourceTree = "<group>"; };
		F0CB48EE2AD44D9700B071D6 /* PBKDF2Generator.swift */ = {isa = PBXFileReference; lastKnownFileType = sourcecode.swift; path = PBKDF2Generator.swift; sourceTree = "<group>"; };
		F0CB48F02AD472C800B071D6 /* AppDelegate.swift */ = {isa = PBXFileReference; lastKnownFileType = sourcecode.swift; path = AppDelegate.swift; sourceTree = "<group>"; };
		F0D5B5862AC7FB930029FBCC /* SPreview.app */ = {isa = PBXFileReference; explicitFileType = wrapper.application; includeInIndex = 0; path = SPreview.app; sourceTree = BUILT_PRODUCTS_DIR; };
		F0D5B5892AC7FB930029FBCC /* SPreviewApp.swift */ = {isa = PBXFileReference; lastKnownFileType = sourcecode.swift; path = SPreviewApp.swift; sourceTree = "<group>"; };
		F0D5B58B2AC7FB930029FBCC /* SavedSongsView.swift */ = {isa = PBXFileReference; lastKnownFileType = sourcecode.swift; path = SavedSongsView.swift; sourceTree = "<group>"; };
		F0D5B58D2AC7FB950029FBCC /* Assets.xcassets */ = {isa = PBXFileReference; lastKnownFileType = folder.assetcatalog; path = Assets.xcassets; sourceTree = "<group>"; };
		F0D5B5902AC7FB950029FBCC /* Preview Assets.xcassets */ = {isa = PBXFileReference; lastKnownFileType = folder.assetcatalog; path = "Preview Assets.xcassets"; sourceTree = "<group>"; };
		F0D5B59B2AC7FE7D0029FBCC /* SongRowView.swift */ = {isa = PBXFileReference; lastKnownFileType = sourcecode.swift; path = SongRowView.swift; sourceTree = "<group>"; };
		F0D5B59D2AC803F70029FBCC /* SongPlayerView.swift */ = {isa = PBXFileReference; lastKnownFileType = sourcecode.swift; path = SongPlayerView.swift; sourceTree = "<group>"; };
		F0D5B5A02AC8040E0029FBCC /* SongItem.swift */ = {isa = PBXFileReference; lastKnownFileType = sourcecode.swift; path = SongItem.swift; sourceTree = "<group>"; };
		F0D5B5A72AC807170029FBCC /* ColorExtension.swift */ = {isa = PBXFileReference; lastKnownFileType = sourcecode.swift; path = ColorExtension.swift; sourceTree = "<group>"; };
		F0D5B5A92AC812C90029FBCC /* SliderView.swift */ = {isa = PBXFileReference; lastKnownFileType = sourcecode.swift; path = SliderView.swift; sourceTree = "<group>"; };
		F0D5B5AB2AC824E50029FBCC /* SongListView.swift */ = {isa = PBXFileReference; lastKnownFileType = sourcecode.swift; path = SongListView.swift; sourceTree = "<group>"; };
		F0D5B5AF2AC82B990029FBCC /* AccessTokens.swift */ = {isa = PBXFileReference; lastKnownFileType = sourcecode.swift; path = AccessTokens.swift; sourceTree = "<group>"; };
		F0D5B5B22AC82BC90029FBCC /* SpotifyImage.swift */ = {isa = PBXFileReference; lastKnownFileType = sourcecode.swift; path = SpotifyImage.swift; sourceTree = "<group>"; };
		F0D5B5B42AC82C120029FBCC /* SpotifyTracks.swift */ = {isa = PBXFileReference; lastKnownFileType = sourcecode.swift; path = SpotifyTracks.swift; sourceTree = "<group>"; };
		F0D5B5B62AC82C2A0029FBCC /* SpotifyTrackDetail.swift */ = {isa = PBXFileReference; lastKnownFileType = sourcecode.swift; path = SpotifyTrackDetail.swift; sourceTree = "<group>"; };
		F0D5B5B82AC82C3A0029FBCC /* SpotifyTrack.swift */ = {isa = PBXFileReference; lastKnownFileType = sourcecode.swift; path = SpotifyTrack.swift; sourceTree = "<group>"; };
		F0D5B5BA2AC82C4A0029FBCC /* SpotifyAlbum.swift */ = {isa = PBXFileReference; lastKnownFileType = sourcecode.swift; path = SpotifyAlbum.swift; sourceTree = "<group>"; };
		F0D5B5BC2AC82C810029FBCC /* SpotifyArtist.swift */ = {isa = PBXFileReference; lastKnownFileType = sourcecode.swift; path = SpotifyArtist.swift; sourceTree = "<group>"; };
		F0D5B5BF2AC82CCE0029FBCC /* DataParser.swift */ = {isa = PBXFileReference; lastKnownFileType = sourcecode.swift; path = DataParser.swift; sourceTree = "<group>"; };
		F0D5B5C22AC82D460029FBCC /* AuthController.swift */ = {isa = PBXFileReference; lastKnownFileType = sourcecode.swift; path = AuthController.swift; sourceTree = "<group>"; };
		F0D5B5C42AC82D840029FBCC /* AuthControllerError.swift */ = {isa = PBXFileReference; lastKnownFileType = sourcecode.swift; path = AuthControllerError.swift; sourceTree = "<group>"; };
		F0D5B5C72AC82E1C0029FBCC /* APIManager.swift */ = {isa = PBXFileReference; lastKnownFileType = sourcecode.swift; path = APIManager.swift; sourceTree = "<group>"; };
		F0D5B5C92AC82E360029FBCC /* RequestManager.swift */ = {isa = PBXFileReference; lastKnownFileType = sourcecode.swift; path = RequestManager.swift; sourceTree = "<group>"; };
		F0D5B5CB2AC82E5E0029FBCC /* TokenManager.swift */ = {isa = PBXFileReference; lastKnownFileType = sourcecode.swift; path = TokenManager.swift; sourceTree = "<group>"; };
		F0D5B5CE2AC82EB20029FBCC /* RequestProtocol.swift */ = {isa = PBXFileReference; lastKnownFileType = sourcecode.swift; path = RequestProtocol.swift; sourceTree = "<group>"; };
		F0D5B5D02AC82ED20029FBCC /* TokenRequest.swift */ = {isa = PBXFileReference; lastKnownFileType = sourcecode.swift; path = TokenRequest.swift; sourceTree = "<group>"; };
		F0D5B5D22AC82EFD0029FBCC /* TracksRequest.swift */ = {isa = PBXFileReference; lastKnownFileType = sourcecode.swift; path = TracksRequest.swift; sourceTree = "<group>"; };
		F0D5B5D42AC82F1A0029FBCC /* Connectivity.swift */ = {isa = PBXFileReference; lastKnownFileType = sourcecode.swift; path = Connectivity.swift; sourceTree = "<group>"; };
		F0D5B5D62AC82F300029FBCC /* APIConstants.swift */ = {isa = PBXFileReference; lastKnownFileType = sourcecode.swift; path = APIConstants.swift; sourceTree = "<group>"; };
		F0D5B5D82AC82F6B0029FBCC /* NetworkError.swift */ = {isa = PBXFileReference; lastKnownFileType = sourcecode.swift; path = NetworkError.swift; sourceTree = "<group>"; };
		F0D5B5DA2AC82FDD0029FBCC /* SpotifyAuthController.swift */ = {isa = PBXFileReference; lastKnownFileType = sourcecode.swift; path = SpotifyAuthController.swift; sourceTree = "<group>"; };
		F0FE4B942ACDAC27005DC45B /* UIScreenExtension.swift */ = {isa = PBXFileReference; lastKnownFileType = sourcecode.swift; path = UIScreenExtension.swift; sourceTree = "<group>"; };
/* End PBXFileReference section */

/* Begin PBXFrameworksBuildPhase section */
		F0D5B5832AC7FB930029FBCC /* Frameworks */ = {
			isa = PBXFrameworksBuildPhase;
			buildActionMask = 2147483647;
			files = (
				7693158B588D5F4ADE35916E /* Pods_SPreview.framework in Frameworks */,
			);
			runOnlyForDeploymentPostprocessing = 0;
		};
/* End PBXFrameworksBuildPhase section */

/* Begin PBXGroup section */
		143A239261A4BC1CDDAF3D8F /* Frameworks */ = {
			isa = PBXGroup;
			children = (
				BA51435EA71A13F7E78A7794 /* Pods_SPreview.framework */,
			);
			name = Frameworks;
			sourceTree = "<group>";
		};
		36050416BBCF92A864E23621 /* Pods */ = {
			isa = PBXGroup;
			children = (
				539ED4D89A89C4E339DAD202 /* Pods-SPreview.debug.xcconfig */,
				6DE1BBD483E0352709D21CB5 /* Pods-SPreview.release.xcconfig */,
			);
			path = Pods;
			sourceTree = "<group>";
		};
		F06381652ACD407600BBA26F /* Constants */ = {
			isa = PBXGroup;
			children = (
				F06381662ACD408300BBA26F /* DrawingConstants.swift */,
				F06381682ACD410000BBA26F /* AnimationConstants.swift */,
				F063816A2ACD43A800BBA26F /* MusicPlayerConstants.swift */,
			);
			path = Constants;
			sourceTree = "<group>";
		};
		F063816E2ACD56C100BBA26F /* Protocol */ = {
			isa = PBXGroup;
			children = (
				F0D5B5CE2AC82EB20029FBCC /* RequestProtocol.swift */,
			);
			path = Protocol;
			sourceTree = "<group>";
		};
		F0A756462ACABB9B00E02CC2 /* MusicProvider */ = {
			isa = PBXGroup;
			children = (
				F0A756492ACABC8D00E02CC2 /* Protocol */,
				F0A7564A2ACABC9900E02CC2 /* Providers */,
				F0A756522ACABD6500E02CC2 /* MusicProviderError.swift */,
			);
			path = MusicProvider;
			sourceTree = "<group>";
		};
		F0A756492ACABC8D00E02CC2 /* Protocol */ = {
			isa = PBXGroup;
			children = (
				F0A756472ACABBB900E02CC2 /* MusicProviderProtocol.swift */,
			);
			path = Protocol;
			sourceTree = "<group>";
		};
		F0A7564A2ACABC9900E02CC2 /* Providers */ = {
			isa = PBXGroup;
			children = (
				F0A7564B2ACABCA600E02CC2 /* SpotifyMusic.swift */,
			);
			path = Providers;
			sourceTree = "<group>";
		};
		F0A7564D2ACABD1B00E02CC2 /* MusicPlayer */ = {
			isa = PBXGroup;
			children = (
				F0A7564E2ACABD3000E02CC2 /* MusicPlayer.swift */,
				F0A756502ACABD4900E02CC2 /* MusicPlayerError.swift */,
			);
			path = MusicPlayer;
			sourceTree = "<group>";
		};
		F0B7A2B92ACC443400E16732 /* ErrorHandling */ = {
			isa = PBXGroup;
			children = (
				F0B7A2BA2ACC444100E16732 /* ErrorHandling.swift */,
			);
			path = ErrorHandling;
			sourceTree = "<group>";
		};
		F0B7A2BE2ACC44BD00E16732 /* Modifier */ = {
			isa = PBXGroup;
			children = (
				F0B7A2BF2ACC44D200E16732 /* HandleErrorViewModifier.swift */,
			);
			path = Modifier;
			sourceTree = "<group>";
		};
		F0CB48EB2AD426CF00B071D6 /* Security */ = {
			isa = PBXGroup;
			children = (
				F0CB48EC2AD426CF00B071D6 /* AES.swift */,
				F0CB48EE2AD44D9700B071D6 /* PBKDF2Generator.swift */,
			);
			path = Security;
			sourceTree = "<group>";
		};
		F0D5B57D2AC7FB930029FBCC = {
			isa = PBXGroup;
			children = (
				F0D5B5882AC7FB930029FBCC /* SPreview */,
				F0D5B5872AC7FB930029FBCC /* Products */,
				36050416BBCF92A864E23621 /* Pods */,
				143A239261A4BC1CDDAF3D8F /* Frameworks */,
			);
			sourceTree = "<group>";
		};
		F0D5B5872AC7FB930029FBCC /* Products */ = {
			isa = PBXGroup;
			children = (
				F0D5B5862AC7FB930029FBCC /* SPreview.app */,
			);
			name = Products;
			sourceTree = "<group>";
		};
		F0D5B5882AC7FB930029FBCC /* SPreview */ = {
			isa = PBXGroup;
			children = (
				F0D5B5982AC7FC650029FBCC /* App */,
				F0D5B5AD2AC82B260029FBCC /* Presentation */,
				F0A756462ACABB9B00E02CC2 /* MusicProvider */,
				F0D5B5AE2AC82B6E0029FBCC /* Network */,
				F0A7564D2ACABD1B00E02CC2 /* MusicPlayer */,
				F0D5B5A22AC8063F0029FBCC /* Utils */,
				F0D5B5972AC7FC5C0029FBCC /* Resource */,
				F0D5B58F2AC7FB950029FBCC /* Preview Content */,
			);
			path = SPreview;
			sourceTree = "<group>";
		};
		F0D5B58F2AC7FB950029FBCC /* Preview Content */ = {
			isa = PBXGroup;
			children = (
				F0D5B5902AC7FB950029FBCC /* Preview Assets.xcassets */,
			);
			path = "Preview Content";
			sourceTree = "<group>";
		};
		F0D5B5972AC7FC5C0029FBCC /* Resource */ = {
			isa = PBXGroup;
			children = (
				F0B7A2C12ACC541600E16732 /* Info.plist */,
				F0D5B58D2AC7FB950029FBCC /* Assets.xcassets */,
			);
			path = Resource;
			sourceTree = "<group>";
		};
		F0D5B5982AC7FC650029FBCC /* App */ = {
			isa = PBXGroup;
			children = (
				F0D5B5892AC7FB930029FBCC /* SPreviewApp.swift */,
				F0CB48F02AD472C800B071D6 /* AppDelegate.swift */,
			);
			path = App;
			sourceTree = "<group>";
		};
		F0D5B5992AC7FC6B0029FBCC /* Screen */ = {
			isa = PBXGroup;
			children = (
				F0D5B58B2AC7FB930029FBCC /* SavedSongsView.swift */,
				F05A3F752AC98BBD007C3172 /* WebView.swift */,
				F0A756412ACA9E6200E02CC2 /* AuthorizationView.swift */,
			);
			path = Screen;
			sourceTree = "<group>";
		};
		F0D5B59A2AC7FE5F0029FBCC /* View */ = {
			isa = PBXGroup;
			children = (
				F0D5B59B2AC7FE7D0029FBCC /* SongRowView.swift */,
				F0D5B59D2AC803F70029FBCC /* SongPlayerView.swift */,
				F0D5B5A92AC812C90029FBCC /* SliderView.swift */,
				F0D5B5AB2AC824E50029FBCC /* SongListView.swift */,
				F06457FB2AC9719000FA2BA2 /* TitleAndSearchHeaderView.swift */,
			);
			path = View;
			sourceTree = "<group>";
		};
		F0D5B59F2AC804020029FBCC /* Model */ = {
			isa = PBXGroup;
			children = (
				F0D5B5A02AC8040E0029FBCC /* SongItem.swift */,
				F0D5B5AF2AC82B990029FBCC /* AccessTokens.swift */,
				F0D5B5B12AC82BAE0029FBCC /* SpotifyModel */,
			);
			path = Model;
			sourceTree = "<group>";
		};
		F0D5B5A22AC8063F0029FBCC /* Utils */ = {
			isa = PBXGroup;
			children = (
				F0CB48EB2AD426CF00B071D6 /* Security */,
				F0B7A2B92ACC443400E16732 /* ErrorHandling */,
				F0B7A2BE2ACC44BD00E16732 /* Modifier */,
				F0D5B5A62AC8070A0029FBCC /* Extension */,
				F06381652ACD407600BBA26F /* Constants */,
			);
			path = Utils;
			sourceTree = "<group>";
		};
		F0D5B5A62AC8070A0029FBCC /* Extension */ = {
			isa = PBXGroup;
			children = (
				F0D5B5A72AC807170029FBCC /* ColorExtension.swift */,
				F0B7A2BC2ACC44AA00E16732 /* ViewExtension.swift */,
				F063816C2ACD541000BBA26F /* UIApplicationExtension.swift */,
				F0FE4B942ACDAC27005DC45B /* UIScreenExtension.swift */,
			);
			path = Extension;
			sourceTree = "<group>";
		};
		F0D5B5AD2AC82B260029FBCC /* Presentation */ = {
			isa = PBXGroup;
			children = (
				F0D5B5992AC7FC6B0029FBCC /* Screen */,
				F0D5B59A2AC7FE5F0029FBCC /* View */,
			);
			path = Presentation;
			sourceTree = "<group>";
		};
		F0D5B5AE2AC82B6E0029FBCC /* Network */ = {
			isa = PBXGroup;
			children = (
				F0D5B5CD2AC82EA40029FBCC /* Request */,
				F0D5B5C62AC82DEB0029FBCC /* Manager */,
				F0D5B5C12AC82CDC0029FBCC /* AuthController */,
				F0D5B5BE2AC82CC10029FBCC /* Parser */,
				F0D5B59F2AC804020029FBCC /* Model */,
				F0D5B5D42AC82F1A0029FBCC /* Connectivity.swift */,
				F0D5B5D62AC82F300029FBCC /* APIConstants.swift */,
				F0D5B5D82AC82F6B0029FBCC /* NetworkError.swift */,
				F0D5B5DA2AC82FDD0029FBCC /* SpotifyAuthController.swift */,
				F0C631422ACEBDAB0072EDC4 /* SpotifyError.swift */,
			);
			path = Network;
			sourceTree = "<group>";
		};
		F0D5B5B12AC82BAE0029FBCC /* SpotifyModel */ = {
			isa = PBXGroup;
			children = (
				F0D5B5B42AC82C120029FBCC /* SpotifyTracks.swift */,
				F063816F2ACD66A800BBA26F /* SpotifySearchResult.swift */,
				F06381712ACD685A00BBA26F /* SpotifySerachResultItems.swift */,
				F0D5B5B62AC82C2A0029FBCC /* SpotifyTrackDetail.swift */,
				F0D5B5B82AC82C3A0029FBCC /* SpotifyTrack.swift */,
				F0D5B5BA2AC82C4A0029FBCC /* SpotifyAlbum.swift */,
				F0D5B5BC2AC82C810029FBCC /* SpotifyArtist.swift */,
				F0D5B5B22AC82BC90029FBCC /* SpotifyImage.swift */,
				F0560FED2AD02D3500BE392B /* SpotifyExternalUrls.swift */,
			);
			path = SpotifyModel;
			sourceTree = "<group>";
		};
		F0D5B5BE2AC82CC10029FBCC /* Parser */ = {
			isa = PBXGroup;
			children = (
				F0D5B5BF2AC82CCE0029FBCC /* DataParser.swift */,
			);
			path = Parser;
			sourceTree = "<group>";
		};
		F0D5B5C12AC82CDC0029FBCC /* AuthController */ = {
			isa = PBXGroup;
			children = (
				F0D5B5C22AC82D460029FBCC /* AuthController.swift */,
				F0D5B5C42AC82D840029FBCC /* AuthControllerError.swift */,
			);
			path = AuthController;
			sourceTree = "<group>";
		};
		F0D5B5C62AC82DEB0029FBCC /* Manager */ = {
			isa = PBXGroup;
			children = (
				F0D5B5C72AC82E1C0029FBCC /* APIManager.swift */,
				F0D5B5C92AC82E360029FBCC /* RequestManager.swift */,
				F0D5B5CB2AC82E5E0029FBCC /* TokenManager.swift */,
			);
			path = Manager;
			sourceTree = "<group>";
		};
		F0D5B5CD2AC82EA40029FBCC /* Request */ = {
			isa = PBXGroup;
			children = (
				F063816E2ACD56C100BBA26F /* Protocol */,
				F0D5B5D02AC82ED20029FBCC /* TokenRequest.swift */,
				F0D5B5D22AC82EFD0029FBCC /* TracksRequest.swift */,
			);
			path = Request;
			sourceTree = "<group>";
		};
/* End PBXGroup section */

/* Begin PBXNativeTarget section */
		F0D5B5852AC7FB930029FBCC /* SPreview */ = {
			isa = PBXNativeTarget;
			buildConfigurationList = F0D5B5942AC7FB950029FBCC /* Build configuration list for PBXNativeTarget "SPreview" */;
			buildPhases = (
				55AC298C8B6AC64ED23BFF7F /* [CP] Check Pods Manifest.lock */,
				F0D5B5822AC7FB930029FBCC /* Sources */,
				F0D5B5832AC7FB930029FBCC /* Frameworks */,
				F0D5B5842AC7FB930029FBCC /* Resources */,
				1CA8E340A896B6AEA06C255C /* [CP] Embed Pods Frameworks */,
			);
			buildRules = (
			);
			dependencies = (
			);
			name = SPreview;
			productName = SPreview;
			productReference = F0D5B5862AC7FB930029FBCC /* SPreview.app */;
			productType = "com.apple.product-type.application";
		};
/* End PBXNativeTarget section */

/* Begin PBXProject section */
		F0D5B57E2AC7FB930029FBCC /* Project object */ = {
			isa = PBXProject;
			attributes = {
				BuildIndependentTargetsInParallel = 1;
				LastSwiftUpdateCheck = 1500;
				LastUpgradeCheck = 1500;
				TargetAttributes = {
					F0D5B5852AC7FB930029FBCC = {
						CreatedOnToolsVersion = 15.0;
					};
				};
			};
			buildConfigurationList = F0D5B5812AC7FB930029FBCC /* Build configuration list for PBXProject "SPreview" */;
			compatibilityVersion = "Xcode 14.0";
			developmentRegion = en;
			hasScannedForEncodings = 0;
			knownRegions = (
				en,
				Base,
			);
			mainGroup = F0D5B57D2AC7FB930029FBCC;
			productRefGroup = F0D5B5872AC7FB930029FBCC /* Products */;
			projectDirPath = "";
			projectRoot = "";
			targets = (
				F0D5B5852AC7FB930029FBCC /* SPreview */,
			);
		};
/* End PBXProject section */

/* Begin PBXResourcesBuildPhase section */
		F0D5B5842AC7FB930029FBCC /* Resources */ = {
			isa = PBXResourcesBuildPhase;
			buildActionMask = 2147483647;
			files = (
				F0D5B5912AC7FB950029FBCC /* Preview Assets.xcassets in Resources */,
				F0D5B58E2AC7FB950029FBCC /* Assets.xcassets in Resources */,
			);
			runOnlyForDeploymentPostprocessing = 0;
		};
/* End PBXResourcesBuildPhase section */

/* Begin PBXShellScriptBuildPhase section */
		1CA8E340A896B6AEA06C255C /* [CP] Embed Pods Frameworks */ = {
			isa = PBXShellScriptBuildPhase;
			buildActionMask = 2147483647;
			files = (
			);
			inputFileListPaths = (
				"${PODS_ROOT}/Target Support Files/Pods-SPreview/Pods-SPreview-frameworks-${CONFIGURATION}-input-files.xcfilelist",
			);
			name = "[CP] Embed Pods Frameworks";
			outputFileListPaths = (
				"${PODS_ROOT}/Target Support Files/Pods-SPreview/Pods-SPreview-frameworks-${CONFIGURATION}-output-files.xcfilelist",
			);
			runOnlyForDeploymentPostprocessing = 0;
			shellPath = /bin/sh;
			shellScript = "\"${PODS_ROOT}/Target Support Files/Pods-SPreview/Pods-SPreview-frameworks.sh\"\n";
			showEnvVarsInLog = 0;
		};
		55AC298C8B6AC64ED23BFF7F /* [CP] Check Pods Manifest.lock */ = {
			isa = PBXShellScriptBuildPhase;
			buildActionMask = 2147483647;
			files = (
			);
			inputFileListPaths = (
			);
			inputPaths = (
				"${PODS_PODFILE_DIR_PATH}/Podfile.lock",
				"${PODS_ROOT}/Manifest.lock",
			);
			name = "[CP] Check Pods Manifest.lock";
			outputFileListPaths = (
			);
			outputPaths = (
				"$(DERIVED_FILE_DIR)/Pods-SPreview-checkManifestLockResult.txt",
			);
			runOnlyForDeploymentPostprocessing = 0;
			shellPath = /bin/sh;
			shellScript = "diff \"${PODS_PODFILE_DIR_PATH}/Podfile.lock\" \"${PODS_ROOT}/Manifest.lock\" > /dev/null\nif [ $? != 0 ] ; then\n    # print error to STDERR\n    echo \"error: The sandbox is not in sync with the Podfile.lock. Run 'pod install' or update your CocoaPods installation.\" >&2\n    exit 1\nfi\n# This output is used by Xcode 'outputs' to avoid re-running this script phase.\necho \"SUCCESS\" > \"${SCRIPT_OUTPUT_FILE_0}\"\n";
			showEnvVarsInLog = 0;
		};
/* End PBXShellScriptBuildPhase section */

/* Begin PBXSourcesBuildPhase section */
		F0D5B5822AC7FB930029FBCC /* Sources */ = {
			isa = PBXSourcesBuildPhase;
			buildActionMask = 2147483647;
			files = (
				F063816D2ACD541000BBA26F /* UIApplicationExtension.swift in Sources */,
				F0D5B5BD2AC82C810029FBCC /* SpotifyArtist.swift in Sources */,
				F0D5B5C82AC82E1C0029FBCC /* APIManager.swift in Sources */,
				F0A756422ACA9E6200E02CC2 /* AuthorizationView.swift in Sources */,
				F0D5B5D72AC82F300029FBCC /* APIConstants.swift in Sources */,
				F0CB48ED2AD426CF00B071D6 /* AES.swift in Sources */,
				F0B7A2C02ACC44D200E16732 /* HandleErrorViewModifier.swift in Sources */,
				F06381722ACD685A00BBA26F /* SpotifySerachResultItems.swift in Sources */,
				F0D5B5D52AC82F1A0029FBCC /* Connectivity.swift in Sources */,
				F0D5B59C2AC7FE7D0029FBCC /* SongRowView.swift in Sources */,
				F0D5B5C02AC82CCE0029FBCC /* DataParser.swift in Sources */,
				F0C631432ACEBDAB0072EDC4 /* SpotifyError.swift in Sources */,
				F0CB48EF2AD44D9700B071D6 /* PBKDF2Generator.swift in Sources */,
				F0D5B5D92AC82F6B0029FBCC /* NetworkError.swift in Sources */,
				F0D5B58C2AC7FB930029FBCC /* SavedSongsView.swift in Sources */,
				F0CB48F12AD472C800B071D6 /* AppDelegate.swift in Sources */,
				F0B7A2BB2ACC444100E16732 /* ErrorHandling.swift in Sources */,
				F0A7564C2ACABCA600E02CC2 /* SpotifyMusic.swift in Sources */,
				F06457FC2AC9719000FA2BA2 /* TitleAndSearchHeaderView.swift in Sources */,
				F0D5B59E2AC803F70029FBCC /* SongPlayerView.swift in Sources */,
				F0D5B5AC2AC824E50029FBCC /* SongListView.swift in Sources */,
				F0D5B5BB2AC82C4A0029FBCC /* SpotifyAlbum.swift in Sources */,
				F06381702ACD66A800BBA26F /* SpotifySearchResult.swift in Sources */,
				F0D5B58A2AC7FB930029FBCC /* SPreviewApp.swift in Sources */,
				F0D5B5DB2AC82FDD0029FBCC /* SpotifyAuthController.swift in Sources */,
				F0D5B5B72AC82C2A0029FBCC /* SpotifyTrackDetail.swift in Sources */,
				F0D5B5A82AC807170029FBCC /* ColorExtension.swift in Sources */,
				F0D5B5A12AC8040E0029FBCC /* SongItem.swift in Sources */,
				F0D5B5B92AC82C3A0029FBCC /* SpotifyTrack.swift in Sources */,
				F0D5B5CC2AC82E5E0029FBCC /* TokenManager.swift in Sources */,
				F0A756532ACABD6500E02CC2 /* MusicProviderError.swift in Sources */,
				F0A756482ACABBB900E02CC2 /* MusicProviderProtocol.swift in Sources */,
				F0D5B5B32AC82BC90029FBCC /* SpotifyImage.swift in Sources */,
				F06381672ACD408300BBA26F /* DrawingConstants.swift in Sources */,
				F0D5B5D32AC82EFD0029FBCC /* TracksRequest.swift in Sources */,
				F0A7564F2ACABD3000E02CC2 /* MusicPlayer.swift in Sources */,
				F05A3F762AC98BBD007C3172 /* WebView.swift in Sources */,
				F0D5B5B02AC82B990029FBCC /* AccessTokens.swift in Sources */,
				F0A756512ACABD4900E02CC2 /* MusicPlayerError.swift in Sources */,
				F0D5B5CA2AC82E360029FBCC /* RequestManager.swift in Sources */,
				F0D5B5D12AC82ED20029FBCC /* TokenRequest.swift in Sources */,
				F0D5B5CF2AC82EB20029FBCC /* RequestProtocol.swift in Sources */,
				F06381692ACD410000BBA26F /* AnimationConstants.swift in Sources */,
				F0D5B5C52AC82D840029FBCC /* AuthControllerError.swift in Sources */,
				F0B7A2BD2ACC44AA00E16732 /* ViewExtension.swift in Sources */,
				F063816B2ACD43A800BBA26F /* MusicPlayerConstants.swift in Sources */,
				F0560FEE2AD02D3500BE392B /* SpotifyExternalUrls.swift in Sources */,
				F0D5B5C32AC82D460029FBCC /* AuthController.swift in Sources */,
				F0FE4B952ACDAC27005DC45B /* UIScreenExtension.swift in Sources */,
				F0D5B5AA2AC812C90029FBCC /* SliderView.swift in Sources */,
				F0D5B5B52AC82C120029FBCC /* SpotifyTracks.swift in Sources */,
			);
			runOnlyForDeploymentPostprocessing = 0;
		};
/* End PBXSourcesBuildPhase section */

/* Begin XCBuildConfiguration section */
		F0D5B5922AC7FB950029FBCC /* Debug */ = {
			isa = XCBuildConfiguration;
			buildSettings = {
				ALWAYS_SEARCH_USER_PATHS = NO;
				ASSETCATALOG_COMPILER_GENERATE_SWIFT_ASSET_SYMBOL_EXTENSIONS = YES;
				CLANG_ANALYZER_NONNULL = YES;
				CLANG_ANALYZER_NUMBER_OBJECT_CONVERSION = YES_AGGRESSIVE;
				CLANG_CXX_LANGUAGE_STANDARD = "gnu++20";
				CLANG_ENABLE_MODULES = YES;
				CLANG_ENABLE_OBJC_ARC = YES;
				CLANG_ENABLE_OBJC_WEAK = YES;
				CLANG_WARN_BLOCK_CAPTURE_AUTORELEASING = YES;
				CLANG_WARN_BOOL_CONVERSION = YES;
				CLANG_WARN_COMMA = YES;
				CLANG_WARN_CONSTANT_CONVERSION = YES;
				CLANG_WARN_DEPRECATED_OBJC_IMPLEMENTATIONS = YES;
				CLANG_WARN_DIRECT_OBJC_ISA_USAGE = YES_ERROR;
				CLANG_WARN_DOCUMENTATION_COMMENTS = YES;
				CLANG_WARN_EMPTY_BODY = YES;
				CLANG_WARN_ENUM_CONVERSION = YES;
				CLANG_WARN_INFINITE_RECURSION = YES;
				CLANG_WARN_INT_CONVERSION = YES;
				CLANG_WARN_NON_LITERAL_NULL_CONVERSION = YES;
				CLANG_WARN_OBJC_IMPLICIT_RETAIN_SELF = YES;
				CLANG_WARN_OBJC_LITERAL_CONVERSION = YES;
				CLANG_WARN_OBJC_ROOT_CLASS = YES_ERROR;
				CLANG_WARN_QUOTED_INCLUDE_IN_FRAMEWORK_HEADER = YES;
				CLANG_WARN_RANGE_LOOP_ANALYSIS = YES;
				CLANG_WARN_STRICT_PROTOTYPES = YES;
				CLANG_WARN_SUSPICIOUS_MOVE = YES;
				CLANG_WARN_UNGUARDED_AVAILABILITY = YES_AGGRESSIVE;
				CLANG_WARN_UNREACHABLE_CODE = YES;
				CLANG_WARN__DUPLICATE_METHOD_MATCH = YES;
				COPY_PHASE_STRIP = NO;
				DEBUG_INFORMATION_FORMAT = dwarf;
				ENABLE_STRICT_OBJC_MSGSEND = YES;
				ENABLE_TESTABILITY = YES;
				ENABLE_USER_SCRIPT_SANDBOXING = YES;
				GCC_C_LANGUAGE_STANDARD = gnu17;
				GCC_DYNAMIC_NO_PIC = NO;
				GCC_NO_COMMON_BLOCKS = YES;
				GCC_OPTIMIZATION_LEVEL = 0;
				GCC_PREPROCESSOR_DEFINITIONS = (
					"DEBUG=1",
					"$(inherited)",
				);
				GCC_WARN_64_TO_32_BIT_CONVERSION = YES;
				GCC_WARN_ABOUT_RETURN_TYPE = YES_ERROR;
				GCC_WARN_UNDECLARED_SELECTOR = YES;
				GCC_WARN_UNINITIALIZED_AUTOS = YES_AGGRESSIVE;
				GCC_WARN_UNUSED_FUNCTION = YES;
				GCC_WARN_UNUSED_VARIABLE = YES;
				IPHONEOS_DEPLOYMENT_TARGET = 17.0;
				LOCALIZATION_PREFERS_STRING_CATALOGS = YES;
				MTL_ENABLE_DEBUG_INFO = INCLUDE_SOURCE;
				MTL_FAST_MATH = YES;
				ONLY_ACTIVE_ARCH = YES;
				SDKROOT = iphoneos;
				SWIFT_ACTIVE_COMPILATION_CONDITIONS = "DEBUG $(inherited)";
				SWIFT_OPTIMIZATION_LEVEL = "-Onone";
			};
			name = Debug;
		};
		F0D5B5932AC7FB950029FBCC /* Release */ = {
			isa = XCBuildConfiguration;
			buildSettings = {
				ALWAYS_SEARCH_USER_PATHS = NO;
				ASSETCATALOG_COMPILER_GENERATE_SWIFT_ASSET_SYMBOL_EXTENSIONS = YES;
				CLANG_ANALYZER_NONNULL = YES;
				CLANG_ANALYZER_NUMBER_OBJECT_CONVERSION = YES_AGGRESSIVE;
				CLANG_CXX_LANGUAGE_STANDARD = "gnu++20";
				CLANG_ENABLE_MODULES = YES;
				CLANG_ENABLE_OBJC_ARC = YES;
				CLANG_ENABLE_OBJC_WEAK = YES;
				CLANG_WARN_BLOCK_CAPTURE_AUTORELEASING = YES;
				CLANG_WARN_BOOL_CONVERSION = YES;
				CLANG_WARN_COMMA = YES;
				CLANG_WARN_CONSTANT_CONVERSION = YES;
				CLANG_WARN_DEPRECATED_OBJC_IMPLEMENTATIONS = YES;
				CLANG_WARN_DIRECT_OBJC_ISA_USAGE = YES_ERROR;
				CLANG_WARN_DOCUMENTATION_COMMENTS = YES;
				CLANG_WARN_EMPTY_BODY = YES;
				CLANG_WARN_ENUM_CONVERSION = YES;
				CLANG_WARN_INFINITE_RECURSION = YES;
				CLANG_WARN_INT_CONVERSION = YES;
				CLANG_WARN_NON_LITERAL_NULL_CONVERSION = YES;
				CLANG_WARN_OBJC_IMPLICIT_RETAIN_SELF = YES;
				CLANG_WARN_OBJC_LITERAL_CONVERSION = YES;
				CLANG_WARN_OBJC_ROOT_CLASS = YES_ERROR;
				CLANG_WARN_QUOTED_INCLUDE_IN_FRAMEWORK_HEADER = YES;
				CLANG_WARN_RANGE_LOOP_ANALYSIS = YES;
				CLANG_WARN_STRICT_PROTOTYPES = YES;
				CLANG_WARN_SUSPICIOUS_MOVE = YES;
				CLANG_WARN_UNGUARDED_AVAILABILITY = YES_AGGRESSIVE;
				CLANG_WARN_UNREACHABLE_CODE = YES;
				CLANG_WARN__DUPLICATE_METHOD_MATCH = YES;
				COPY_PHASE_STRIP = NO;
				DEBUG_INFORMATION_FORMAT = "dwarf-with-dsym";
				ENABLE_NS_ASSERTIONS = NO;
				ENABLE_STRICT_OBJC_MSGSEND = YES;
				ENABLE_USER_SCRIPT_SANDBOXING = YES;
				GCC_C_LANGUAGE_STANDARD = gnu17;
				GCC_NO_COMMON_BLOCKS = YES;
				GCC_WARN_64_TO_32_BIT_CONVERSION = YES;
				GCC_WARN_ABOUT_RETURN_TYPE = YES_ERROR;
				GCC_WARN_UNDECLARED_SELECTOR = YES;
				GCC_WARN_UNINITIALIZED_AUTOS = YES_AGGRESSIVE;
				GCC_WARN_UNUSED_FUNCTION = YES;
				GCC_WARN_UNUSED_VARIABLE = YES;
				IPHONEOS_DEPLOYMENT_TARGET = 17.0;
				LOCALIZATION_PREFERS_STRING_CATALOGS = YES;
				MTL_ENABLE_DEBUG_INFO = NO;
				MTL_FAST_MATH = YES;
				SDKROOT = iphoneos;
				SWIFT_COMPILATION_MODE = wholemodule;
				VALIDATE_PRODUCT = YES;
			};
			name = Release;
		};
		F0D5B5952AC7FB950029FBCC /* Debug */ = {
			isa = XCBuildConfiguration;
			baseConfigurationReference = 539ED4D89A89C4E339DAD202 /* Pods-SPreview.debug.xcconfig */;
			buildSettings = {
				ASSETCATALOG_COMPILER_APPICON_NAME = AppIcon;
				ASSETCATALOG_COMPILER_GLOBAL_ACCENT_COLOR_NAME = AccentColor;
				CODE_SIGN_STYLE = Automatic;
				CURRENT_PROJECT_VERSION = 1;
				DEVELOPMENT_ASSET_PATHS = "\"SPreview/Preview Content\"";
				DEVELOPMENT_TEAM = P3N8V46695;
				ENABLE_PREVIEWS = YES;
				ENABLE_USER_SCRIPT_SANDBOXING = NO;
				GENERATE_INFOPLIST_FILE = YES;
				INFOPLIST_FILE = SPreview/Resource/Info.plist;
				INFOPLIST_KEY_UIApplicationSceneManifest_Generation = YES;
				INFOPLIST_KEY_UIApplicationSupportsIndirectInputEvents = YES;
				INFOPLIST_KEY_UISupportedInterfaceOrientations = UIInterfaceOrientationPortrait;
				INFOPLIST_KEY_UISupportedInterfaceOrientations_iPad = "UIInterfaceOrientationLandscapeLeft UIInterfaceOrientationLandscapeRight UIInterfaceOrientationPortrait UIInterfaceOrientationPortraitUpsideDown";
				INFOPLIST_KEY_UIUserInterfaceStyle = Dark;
				IPHONEOS_DEPLOYMENT_TARGET = 17.0;
				LD_RUNPATH_SEARCH_PATHS = (
					"$(inherited)",
					"@executable_path/Frameworks",
				);
				MARKETING_VERSION = 1.0;
				PRODUCT_BUNDLE_IDENTIFIER = com.alharazi.SPreview;
				PRODUCT_NAME = "$(TARGET_NAME)";
				SUPPORTED_PLATFORMS = "iphoneos iphonesimulator";
				SUPPORTS_MACCATALYST = NO;
				SUPPORTS_MAC_DESIGNED_FOR_IPHONE_IPAD = NO;
				SWIFT_EMIT_LOC_STRINGS = YES;
				SWIFT_VERSION = 5.0;
				TARGETED_DEVICE_FAMILY = 1;
			};
			name = Debug;
		};
		F0D5B5962AC7FB950029FBCC /* Release */ = {
			isa = XCBuildConfiguration;
			baseConfigurationReference = 6DE1BBD483E0352709D21CB5 /* Pods-SPreview.release.xcconfig */;
			buildSettings = {
				ASSETCATALOG_COMPILER_APPICON_NAME = AppIcon;
				ASSETCATALOG_COMPILER_GLOBAL_ACCENT_COLOR_NAME = AccentColor;
				CODE_SIGN_STYLE = Automatic;
				CURRENT_PROJECT_VERSION = 1;
				DEVELOPMENT_ASSET_PATHS = "\"SPreview/Preview Content\"";
				DEVELOPMENT_TEAM = P3N8V46695;
				ENABLE_PREVIEWS = YES;
				ENABLE_USER_SCRIPT_SANDBOXING = NO;
				GENERATE_INFOPLIST_FILE = YES;
				INFOPLIST_FILE = SPreview/Resource/Info.plist;
				INFOPLIST_KEY_UIApplicationSceneManifest_Generation = YES;
				INFOPLIST_KEY_UIApplicationSupportsIndirectInputEvents = YES;
				INFOPLIST_KEY_UISupportedInterfaceOrientations = UIInterfaceOrientationPortrait;
				INFOPLIST_KEY_UISupportedInterfaceOrientations_iPad = "UIInterfaceOrientationLandscapeLeft UIInterfaceOrientationLandscapeRight UIInterfaceOrientationPortrait UIInterfaceOrientationPortraitUpsideDown";
				INFOPLIST_KEY_UIUserInterfaceStyle = Dark;
				IPHONEOS_DEPLOYMENT_TARGET = 17.0;
				LD_RUNPATH_SEARCH_PATHS = (
					"$(inherited)",
					"@executable_path/Frameworks",
				);
				MARKETING_VERSION = 1.0;
				PRODUCT_BUNDLE_IDENTIFIER = com.alharazi.SPreview;
				PRODUCT_NAME = "$(TARGET_NAME)";
				SUPPORTED_PLATFORMS = "iphoneos iphonesimulator";
				SUPPORTS_MACCATALYST = NO;
				SUPPORTS_MAC_DESIGNED_FOR_IPHONE_IPAD = NO;
				SWIFT_EMIT_LOC_STRINGS = YES;
				SWIFT_VERSION = 5.0;
				TARGETED_DEVICE_FAMILY = 1;
			};
			name = Release;
		};
/* End XCBuildConfiguration section */

/* Begin XCConfigurationList section */
		F0D5B5812AC7FB930029FBCC /* Build configuration list for PBXProject "SPreview" */ = {
			isa = XCConfigurationList;
			buildConfigurations = (
				F0D5B5922AC7FB950029FBCC /* Debug */,
				F0D5B5932AC7FB950029FBCC /* Release */,
			);
			defaultConfigurationIsVisible = 0;
			defaultConfigurationName = Release;
		};
		F0D5B5942AC7FB950029FBCC /* Build configuration list for PBXNativeTarget "SPreview" */ = {
			isa = XCConfigurationList;
			buildConfigurations = (
				F0D5B5952AC7FB950029FBCC /* Debug */,
				F0D5B5962AC7FB950029FBCC /* Release */,
			);
			defaultConfigurationIsVisible = 0;
			defaultConfigurationName = Release;
		};
/* End XCConfigurationList section */
	};
	rootObject = F0D5B57E2AC7FB930029FBCC /* Project object */;
}
